# @generated - this file is auto-generated by `mise lock` https://mise.jdx.dev/dev-tools/mise-lock.html

[[tools.fzf]]
version = "0.70.0"
backend = "aqua:junegunn/fzf"

[tools.fzf."platforms.linux-arm64"]
checksum = "sha256:90a07a13b61f56dd59ccfd0f0bf05070e9cec067713d313fa2607aab2dc0e422"
url = "https://github.com/junegunn/fzf/releases/download/v0.70.0/fzf-0.70.0-linux_arm64.tar.gz"

[tools.fzf."platforms.linux-arm64-musl"]
checksum = "sha256:90a07a13b61f56dd59ccfd0f0bf05070e9cec067713d313fa2607aab2dc0e422"
url = "https://github.com/junegunn/fzf/releases/download/v0.70.0/fzf-0.70.0-linux_arm64.tar.gz"

[tools.fzf."platforms.linux-x64"]
checksum = "sha256:8fd0e0b93bdf64ba90081ffb6658d77ea5a024c122b36852b1de30f9d2733754"
url = "https://github.com/junegunn/fzf/releases/download/v0.70.0/fzf-0.70.0-linux_amd64.tar.gz"

[tools.fzf."platforms.linux-x64-musl"]
checksum = "sha256:8fd0e0b93bdf64ba90081ffb6658d77ea5a024c122b36852b1de30f9d2733754"
url = "https://github.com/junegunn/fzf/releases/download/v0.70.0/fzf-0.70.0-linux_amd64.tar.gz"

[tools.fzf."platforms.macos-arm64"]
checksum = "sha256:75f4905c2e3d00666d81dffdd001bb2a9a8e0ad4e4ac8cecfc17a7401b99e6e4"
url = "https://github.com/junegunn/fzf/releases/download/v0.70.0/fzf-0.70.0-darwin_arm64.tar.gz"

[tools.fzf."platforms.macos-x64"]
checksum = "sha256:46af74cfeb171c5e2eb936096a653061a0de0f5aeb70319bf9935d8d193e078f"
url = "https://github.com/junegunn/fzf/releases/download/v0.70.0/fzf-0.70.0-darwin_amd64.tar.gz"

[tools.fzf."platforms.windows-x64"]
checksum = "sha256:7465a6738e2c844742df973459c7509aed2d10d7a72bfd6de201b867b4eda4cd"
url = "https://github.com/junegunn/fzf/releases/download/v0.70.0/fzf-0.70.0-windows_amd64.zip"

[[tools.infracost]]
version = "0.10.43"
backend = "aqua:infracost/infracost"

[tools.infracost."platforms.linux-arm64"]
checksum = "sha256:c79e4e822b6e241aa2548e9b860b77ce86e99acbc79d8954e2b14f174c55bd62"
url = "https://github.com/infracost/infracost/releases/download/v0.10.43/infracost-linux-arm64.tar.gz"

[tools.infracost."platforms.linux-arm64-musl"]
checksum = "sha256:c79e4e822b6e241aa2548e9b860b77ce86e99acbc79d8954e2b14f174c55bd62"
url = "https://github.com/infracost/infracost/releases/download/v0.10.43/infracost-linux-arm64.tar.gz"

[tools.infracost."platforms.linux-x64"]
checksum = "sha256:ea21bbc939530243a526b22e2f63ae3842b8ba6141ab0c0995bc49a0ad9ef2f4"
url = "https://github.com/infracost/infracost/releases/download/v0.10.43/infracost-linux-amd64.tar.gz"

[tools.infracost."platforms.linux-x64-musl"]
checksum = "sha256:ea21bbc939530243a526b22e2f63ae3842b8ba6141ab0c0995bc49a0ad9ef2f4"
url = "https://github.com/infracost/infracost/releases/download/v0.10.43/infracost-linux-amd64.tar.gz"

[tools.infracost."platforms.macos-arm64"]
checksum = "sha256:dffc01e8f52b4af9bae3f0e49f6a57a2b5438bcd978fe06d21840e3831759596"
url = "https://github.com/infracost/infracost/releases/download/v0.10.43/infracost-darwin-arm64.tar.gz"

[tools.infracost."platforms.macos-x64"]
checksum = "sha256:339539477ab46baadd313b217c487f3b33e4601e565f386944d9fe2be5235e9e"
url = "https://github.com/infracost/infracost/releases/download/v0.10.43/infracost-darwin-amd64.tar.gz"

[tools.infracost."platforms.windows-x64"]
checksum = "sha256:4ab611d61f150599b016e7509ca278dfc12f7fe29d4770f78f26d728613a4786"
url = "https://github.com/infracost/infracost/releases/download/v0.10.43/infracost-windows-amd64.tar.gz"

[[tools.opentofu]]
version = "1.11.5"
backend = "aqua:opentofu/opentofu"

[tools.opentofu."platforms.linux-arm64"]
checksum = "sha256:b31a2af2a99d49da6eb429cbbb5f4e8323f9c48d1aeb8c1294e4e5bdb5012416"
url = "https://github.com/opentofu/opentofu/releases/download/v1.11.5/tofu_1.11.5_linux_arm64.tar.gz"

[tools.opentofu."platforms.linux-arm64-musl"]
checksum = "sha256:b31a2af2a99d49da6eb429cbbb5f4e8323f9c48d1aeb8c1294e4e5bdb5012416"
url = "https://github.com/opentofu/opentofu/releases/download/v1.11.5/tofu_1.11.5_linux_arm64.tar.gz"

[tools.opentofu."platforms.linux-x64"]
checksum = "sha256:e73868ab8abaca15d3c974dcf6a5e878860d6f2212867433aa3d8f2b43a492d9"
url = "https://github.com/opentofu/opentofu/releases/download/v1.11.5/tofu_1.11.5_linux_amd64.tar.gz"

[tools.opentofu."platforms.linux-x64-musl"]
checksum = "sha256:e73868ab8abaca15d3c974dcf6a5e878860d6f2212867433aa3d8f2b43a492d9"
url = "https://github.com/opentofu/opentofu/releases/download/v1.11.5/tofu_1.11.5_linux_amd64.tar.gz"

[tools.opentofu."platforms.macos-arm64"]
checksum = "sha256:abf2be18c49b7b8338d4addc5f64bcf68b3af03ca860b414b3705c20c4b455a6"
url = "https://github.com/opentofu/opentofu/releases/download/v1.11.5/tofu_1.11.5_darwin_arm64.tar.gz"

[tools.opentofu."platforms.macos-x64"]
checksum = "sha256:f514761be893f49b6ca12c2df672c010fad6c88f92588dcfc95db750211c2594"
url = "https://github.com/opentofu/opentofu/releases/download/v1.11.5/tofu_1.11.5_darwin_amd64.tar.gz"

[tools.opentofu."platforms.windows-x64"]
checksum = "sha256:69be358054afcc6a84c0ffb917056d21afc3ec5a0e0f66ffd4f498a1763a0fb8"
url = "https://github.com/opentofu/opentofu/releases/download/v1.11.5/tofu_1.11.5_windows_amd64.tar.gz"

[[tools.terramate]]
version = "0.16.0"
backend = "aqua:terramate-io/terramate"

[tools.terramate."platforms.linux-arm64"]
checksum = "sha256:d7c7f4ddf91daaa64574ccc282e3986d4a54935ce77e3f19eaea58a53965cd82"
url = "https://github.com/terramate-io/terramate/releases/download/v0.16.0/terramate_0.16.0_linux_arm64.tar.gz"

[tools.terramate."platforms.linux-arm64-musl"]
checksum = "sha256:d7c7f4ddf91daaa64574ccc282e3986d4a54935ce77e3f19eaea58a53965cd82"
url = "https://github.com/terramate-io/terramate/releases/download/v0.16.0/terramate_0.16.0_linux_arm64.tar.gz"

[tools.terramate."platforms.linux-x64"]
checksum = "sha256:6f5d49d012bbcf36dd8e8e4a22bbf6bb43a84992cc539fcd963361e69c7087fc"
url = "https://github.com/terramate-io/terramate/releases/download/v0.16.0/terramate_0.16.0_linux_x86_64.tar.gz"

[tools.terramate."platforms.linux-x64-musl"]
checksum = "sha256:6f5d49d012bbcf36dd8e8e4a22bbf6bb43a84992cc539fcd963361e69c7087fc"
url = "https://github.com/terramate-io/terramate/releases/download/v0.16.0/terramate_0.16.0_linux_x86_64.tar.gz"

[tools.terramate."platforms.macos-arm64"]
checksum = "sha256:8271b1749a26b3eb7005c84fb8f87b2030f6e56585d79731f08423b3cfc89234"
url = "https://github.com/terramate-io/terramate/releases/download/v0.16.0/terramate_0.16.0_darwin_arm64.tar.gz"

[tools.terramate."platforms.macos-x64"]
checksum = "sha256:6a5001a42de19266e33a3b694253587177851aa91919254bd28203581e8e3e6a"
url = "https://github.com/terramate-io/terramate/releases/download/v0.16.0/terramate_0.16.0_darwin_x86_64.tar.gz"

[tools.terramate."platforms.windows-x64"]
checksum = "sha256:5ad9e9379c153dbac180a86b8c83d7ef076c7a154891ab0e23cac1b9f6df69d5"
url = "https://github.com/terramate-io/terramate/releases/download/v0.16.0/terramate_0.16.0_windows_x86_64.zip"
